// !$*UTF8*$!
{
	archiveVersion = 1;
	classes = {
	};
	objectVersion = 56;
	objects = {

/* Begin PBXBuildFile section */
		EFD07E8E29E0DC4C00755EBD /* deep_linksApp.swift in Sources */ = {isa = PBXBuildFile; fileRef = EFD07E8D29E0DC4C00755EBD /* deep_linksApp.swift */; };
		EFD07E9029E0DC4C00755EBD /* ContentView.swift in Sources */ = {isa = PBXBuildFile; fileRef = EFD07E8F29E0DC4C00755EBD /* ContentView.swift */; };
		EFD07E9229E0DC4D00755EBD /* Assets.xcassets in Resources */ = {isa = PBXBuildFile; fileRef = EFD07E9129E0DC4D00755EBD /* Assets.xcassets */; };
		EFD07E9529E0DC4D00755EBD /* Preview Assets.xcassets in Resources */ = {isa = PBXBuildFile; fileRef = EFD07E9429E0DC4D00755EBD /* Preview Assets.xcassets */; };
		EFD07E9E29E0DCDD00755EBD /* Tab.swift in Sources */ = {isa = PBXBuildFile; fileRef = EFD07E9D29E0DCDD00755EBD /* Tab.swift */; };
		EFD07EA129E0E0FD00755EBD /* HomeStack.swift in Sources */ = {isa = PBXBuildFile; fileRef = EFD07EA029E0E0FD00755EBD /* HomeStack.swift */; };
		EFD07EA329E0E12400755EBD /* FavoriteStack.swift in Sources */ = {isa = PBXBuildFile; fileRef = EFD07EA229E0E12400755EBD /* FavoriteStack.swift */; };
		EFD07EA529E0E12E00755EBD /* SettingsStack.swift in Sources */ = {isa = PBXBuildFile; fileRef = EFD07EA429E0E12E00755EBD /* SettingsStack.swift */; };
		EFD07EA729E0E29400755EBD /* AppData.swift in Sources */ = {isa = PBXBuildFile; fileRef = EFD07EA629E0E29400755EBD /* AppData.swift */; };
		EFD07EA929E0E36100755EBD /* Home.swift in Sources */ = {isa = PBXBuildFile; fileRef = EFD07EA829E0E36100755EBD /* Home.swift */; };
/* End PBXBuildFile section */

/* Begin PBXFileReference section */
		EFD07E8A29E0DC4C00755EBD /* deep-links.app */ = {isa = PBXFileReference; explicitFileType = wrapper.application; includeInIndex = 0; path = "deep-links.app"; sourceTree = BUILT_PRODUCTS_DIR; };
		EFD07E8D29E0DC4C00755EBD /* deep_linksApp.swift */ = {isa = PBXFileReference; lastKnownFileType = sourcecode.swift; path = deep_linksApp.swift; sourceTree = "<group>"; };
		EFD07E8F29E0DC4C00755EBD /* ContentView.swift */ = {isa = PBXFileReference; lastKnownFileType = sourcecode.swift; path = ContentView.swift; sourceTree = "<group>"; };
		EFD07E9129E0DC4D00755EBD /* Assets.xcassets */ = {isa = PBXFileReference; lastKnownFileType = folder.assetcatalog; path = Assets.xcassets; sourceTree = "<group>"; };
		EFD07E9429E0DC4D00755EBD /* Preview Assets.xcassets */ = {isa = PBXFileReference; lastKnownFileType = folder.assetcatalog; path = "Preview Assets.xcassets"; sourceTree = "<group>"; };
		EFD07E9D29E0DCDD00755EBD /* Tab.swift */ = {isa = PBXFileReference; lastKnownFileType = sourcecode.swift; path = Tab.swift; sourceTree = "<group>"; };
		EFD07EA029E0E0FD00755EBD /* HomeStack.swift */ = {isa = PBXFileReference; lastKnownFileType = sourcecode.swift; path = HomeStack.swift; sourceTree = "<group>"; };
		EFD07EA229E0E12400755EBD /* FavoriteStack.swift */ = {isa = PBXFileReference; lastKnownFileType = sourcecode.swift; path = FavoriteStack.swift; sourceTree = "<group>"; };
		EFD07EA429E0E12E00755EBD /* SettingsStack.swift */ = {isa = PBXFileReference; lastKnownFileType = sourcecode.swift; path = SettingsStack.swift; sourceTree = "<group>"; };
		EFD07EA629E0E29400755EBD /* AppData.swift */ = {isa = PBXFileReference; lastKnownFileType = sourcecode.swift; path = AppData.swift; sourceTree = "<group>"; };
		EFD07EA829E0E36100755EBD /* Home.swift */ = {isa = PBXFileReference; lastKnownFileType = sourcecode.swift; path = Home.swift; sourceTree = "<group>"; };
		EFD07EAA29E1265300755EBD /* Info.plist */ = {isa = PBXFileReference; lastKnownFileType = text.plist; path = Info.plist; sourceTree = "<group>"; };
/* End PBXFileReference section */

/* Begin PBXFrameworksBuildPhase section */
		EFD07E8729E0DC4C00755EBD /* Frameworks */ = {
			isa = PBXFrameworksBuildPhase;
			buildActionMask = 2147483647;
			files = (
			);
			runOnlyForDeploymentPostprocessing = 0;
		};
/* End PBXFrameworksBuildPhase section */

/* Begin PBXGroup section */
		EFD07E8129E0DC4C00755EBD = {
			isa = PBXGroup;
			children = (
				EFD07E8C29E0DC4C00755EBD /* deep-links */,
				EFD07E8B29E0DC4C00755EBD /* Products */,
			);
			sourceTree = "<group>";
		};
		EFD07E8B29E0DC4C00755EBD /* Products */ = {
			isa = PBXGroup;
			children = (
				EFD07E8A29E0DC4C00755EBD /* deep-links.app */,
			);
			name = Products;
			sourceTree = "<group>";
		};
		EFD07E8C29E0DC4C00755EBD /* deep-links */ = {
			isa = PBXGroup;
			children = (
				EFD07EAA29E1265300755EBD /* Info.plist */,
				EFD07E9C29E0DCCB00755EBD /* Model */,
				EFD07E9B29E0DCC500755EBD /* View */,
				EFD07E8D29E0DC4C00755EBD /* deep_linksApp.swift */,
				EFD07E8F29E0DC4C00755EBD /* ContentView.swift */,
				EFD07E9129E0DC4D00755EBD /* Assets.xcassets */,
				EFD07E9329E0DC4D00755EBD /* Preview Content */,
			);
			path = "deep-links";
			sourceTree = "<group>";
		};
		EFD07E9329E0DC4D00755EBD /* Preview Content */ = {
			isa = PBXGroup;
			children = (
				EFD07E9429E0DC4D00755EBD /* Preview Assets.xcassets */,
			);
			path = "Preview Content";
			sourceTree = "<group>";
		};
		EFD07E9B29E0DCC500755EBD /* View */ = {
			isa = PBXGroup;
			children = (
				EFD07EA829E0E36100755EBD /* Home.swift */,
			);
			path = View;
			sourceTree = "<group>";
		};
		EFD07E9C29E0DCCB00755EBD /* Model */ = {
			isa = PBXGroup;
			children = (
				EFD07E9F29E0E0F000755EBD /* NavStacks */,
				EFD07E9D29E0DCDD00755EBD /* Tab.swift */,
				EFD07EA629E0E29400755EBD /* AppData.swift */,
			);
			path = Model;
			sourceTree = "<group>";
		};
		EFD07E9F29E0E0F000755EBD /* NavStacks */ = {
			isa = PBXGroup;
			children = (
				EFD07EA029E0E0FD00755EBD /* HomeStack.swift */,
				EFD07EA229E0E12400755EBD /* FavoriteStack.swift */,
				EFD07EA429E0E12E00755EBD /* SettingsStack.swift */,
			);
			path = NavStacks;
			sourceTree = "<group>";
		};
/* End PBXGroup section */

/* Begin PBXNativeTarget section */
		EFD07E8929E0DC4C00755EBD /* deep-links */ = {
			isa = PBXNativeTarget;
			buildConfigurationList = EFD07E9829E0DC4D00755EBD /* Build configuration list for PBXNativeTarget "deep-links" */;
			buildPhases = (
				EFD07E8629E0DC4C00755EBD /* Sources */,
				EFD07E8729E0DC4C00755EBD /* Frameworks */,
				EFD07E8829E0DC4C00755EBD /* Resources */,
			);
			buildRules = (
			);
			dependencies = (
			);
			name = "deep-links";
			productName = "deep-links";
			productReference = EFD07E8A29E0DC4C00755EBD /* deep-links.app */;
			productType = "com.apple.product-type.application";
		};
/* End PBXNativeTarget section */

/* Begin PBXProject section */
		EFD07E8229E0DC4C00755EBD /* Project object */ = {
			isa = PBXProject;
			attributes = {
				BuildIndependentTargetsInParallel = 1;
				LastSwiftUpdateCheck = 1430;
				LastUpgradeCheck = 1430;
				TargetAttributes = {
					EFD07E8929E0DC4C00755EBD = {
						CreatedOnToolsVersion = 14.3;
					};
				};
			};
			buildConfigurationList = EFD07E8529E0DC4C00755EBD /* Build configuration list for PBXProject "deep-links" */;
			compatibilityVersion = "Xcode 14.0";
			developmentRegion = en;
			hasScannedForEncodings = 0;
			knownRegions = (
				en,
				Base,
			);
			mainGroup = EFD07E8129E0DC4C00755EBD;
			productRefGroup = EFD07E8B29E0DC4C00755EBD /* Products */;
			projectDirPath = "";
			projectRoot = "";
			targets = (
				EFD07E8929E0DC4C00755EBD /* deep-links */,
			);
		};
/* End PBXProject section */

/* Begin PBXResourcesBuildPhase section */
		EFD07E8829E0DC4C00755EBD /* Resources */ = {
			isa = PBXResourcesBuildPhase;
			buildActionMask = 2147483647;
			files = (
				EFD07E9529E0DC4D00755EBD /* Preview Assets.xcassets in Resources */,
				EFD07E9229E0DC4D00755EBD /* Assets.xcassets in Resources */,
			);
			runOnlyForDeploymentPostprocessing = 0;
		};
/* End PBXResourcesBuildPhase section */

/* Begin PBXSourcesBuildPhase section */
		EFD07E8629E0DC4C00755EBD /* Sources */ = {
			isa = PBXSourcesBuildPhase;
			buildActionMask = 2147483647;
			files = (
				EFD07E9E29E0DCDD00755EBD /* Tab.swift in Sources */,
				EFD07EA529E0E12E00755EBD /* SettingsStack.swift in Sources */,
				EFD07EA129E0E0FD00755EBD /* HomeStack.swift in Sources */,
				EFD07E9029E0DC4C00755EBD /* ContentView.swift in Sources */,
				EFD07EA329E0E12400755EBD /* FavoriteStack.swift in Sources */,
				EFD07E8E29E0DC4C00755EBD /* deep_linksApp.swift in Sources */,
				EFD07EA929E0E36100755EBD /* Home.swift in Sources */,
				EFD07EA729E0E29400755EBD /* AppData.swift in Sources */,
			);
			runOnlyForDeploymentPostprocessing = 0;
		};
/* End PBXSourcesBuildPhase section */

/* Begin XCBuildConfiguration section */
		EFD07E9629E0DC4D00755EBD /* Debug */ = {
			isa = XCBuildConfiguration;
			buildSettings = {
				ALWAYS_SEARCH_USER_PATHS = NO;
				CLANG_ANALYZER_NONNULL = YES;
				CLANG_ANALYZER_NUMBER_OBJECT_CONVERSION = YES_AGGRESSIVE;
				CLANG_CXX_LANGUAGE_STANDARD = "gnu++20";
				CLANG_ENABLE_MODULES = YES;
				CLANG_ENABLE_OBJC_ARC = YES;
				CLANG_ENABLE_OBJC_WEAK = YES;
				CLANG_WARN_BLOCK_CAPTURE_AUTORELEASING = YES;
				CLANG_WARN_BOOL_CONVERSION = YES;
				CLANG_WARN_COMMA = YES;
				CLANG_WARN_CONSTANT_CONVERSION = YES;
				CLANG_WARN_DEPRECATED_OBJC_IMPLEMENTATIONS = YES;
				CLANG_WARN_DIRECT_OBJC_ISA_USAGE = YES_ERROR;
				CLANG_WARN_DOCUMENTATION_COMMENTS = YES;
				CLANG_WARN_EMPTY_BODY = YES;
				CLANG_WARN_ENUM_CONVERSION = YES;
				CLANG_WARN_INFINITE_RECURSION = YES;
				CLANG_WARN_INT_CONVERSION = YES;
				CLANG_WARN_NON_LITERAL_NULL_CONVERSION = YES;
				CLANG_WARN_OBJC_IMPLICIT_RETAIN_SELF = YES;
				CLANG_WARN_OBJC_LITERAL_CONVERSION = YES;
				CLANG_WARN_OBJC_ROOT_CLASS = YES_ERROR;
				CLANG_WARN_QUOTED_INCLUDE_IN_FRAMEWORK_HEADER = YES;
				CLANG_WARN_RANGE_LOOP_ANALYSIS = YES;
				CLANG_WARN_STRICT_PROTOTYPES = YES;
				CLANG_WARN_SUSPICIOUS_MOVE = YES;
				CLANG_WARN_UNGUARDED_AVAILABILITY = YES_AGGRESSIVE;
				CLANG_WARN_UNREACHABLE_CODE = YES;
				CLANG_WARN__DUPLICATE_METHOD_MATCH = YES;
				COPY_PHASE_STRIP = NO;
				DEBUG_INFORMATION_FORMAT = dwarf;
				ENABLE_STRICT_OBJC_MSGSEND = YES;
				ENABLE_TESTABILITY = YES;
				GCC_C_LANGUAGE_STANDARD = gnu11;
				GCC_DYNAMIC_NO_PIC = NO;
				GCC_NO_COMMON_BLOCKS = YES;
				GCC_OPTIMIZATION_LEVEL = 0;
				GCC_PREPROCESSOR_DEFINITIONS = (
					"DEBUG=1",
					"$(inherited)",
				);
				GCC_WARN_64_TO_32_BIT_CONVERSION = YES;
				GCC_WARN_ABOUT_RETURN_TYPE = YES_ERROR;
				GCC_WARN_UNDECLARED_SELECTOR = YES;
				GCC_WARN_UNINITIALIZED_AUTOS = YES_AGGRESSIVE;
				GCC_WARN_UNUSED_FUNCTION = YES;
				GCC_WARN_UNUSED_VARIABLE = YES;
				IPHONEOS_DEPLOYMENT_TARGET = 16.4;
				MTL_ENABLE_DEBUG_INFO = INCLUDE_SOURCE;
				MTL_FAST_MATH = YES;
				ONLY_ACTIVE_ARCH = YES;
				SDKROOT = iphoneos;
				SWIFT_ACTIVE_COMPILATION_CONDITIONS = DEBUG;
				SWIFT_OPTIMIZATION_LEVEL = "-Onone";
			};
			name = Debug;
		};
		EFD07E9729E0DC4D00755EBD /* Release */ = {
			isa = XCBuildConfiguration;
			buildSettings = {
				ALWAYS_SEARCH_USER_PATHS = NO;
				CLANG_ANALYZER_NONNULL = YES;
				CLANG_ANALYZER_NUMBER_OBJECT_CONVERSION = YES_AGGRESSIVE;
				CLANG_CXX_LANGUAGE_STANDARD = "gnu++20";
				CLANG_ENABLE_MODULES = YES;
				CLANG_ENABLE_OBJC_ARC = YES;
				CLANG_ENABLE_OBJC_WEAK = YES;
				CLANG_WARN_BLOCK_CAPTURE_AUTORELEASING = YES;
				CLANG_WARN_BOOL_CONVERSION = YES;
				CLANG_WARN_COMMA = YES;
				CLANG_WARN_CONSTANT_CONVERSION = YES;
				CLANG_WARN_DEPRECATED_OBJC_IMPLEMENTATIONS = YES;
				CLANG_WARN_DIRECT_OBJC_ISA_USAGE = YES_ERROR;
				CLANG_WARN_DOCUMENTATION_COMMENTS = YES;
				CLANG_WARN_EMPTY_BODY = YES;
				CLANG_WARN_ENUM_CONVERSION = YES;
				CLANG_WARN_INFINITE_RECURSION = YES;
				CLANG_WARN_INT_CONVERSION = YES;
				CLANG_WARN_NON_LITERAL_NULL_CONVERSION = YES;
				CLANG_WARN_OBJC_IMPLICIT_RETAIN_SELF = YES;
				CLANG_WARN_OBJC_LITERAL_CONVERSION = YES;
				CLANG_WARN_OBJC_ROOT_CLASS = YES_ERROR;
				CLANG_WARN_QUOTED_INCLUDE_IN_FRAMEWORK_HEADER = YES;
				CLANG_WARN_RANGE_LOOP_ANALYSIS = YES;
				CLANG_WARN_STRICT_PROTOTYPES = YES;
				CLANG_WARN_SUSPICIOUS_MOVE = YES;
				CLANG_WARN_UNGUARDED_AVAILABILITY = YES_AGGRESSIVE;
				CLANG_WARN_UNREACHABLE_CODE = YES;
				CLANG_WARN__DUPLICATE_METHOD_MATCH = YES;
				COPY_PHASE_STRIP = NO;
				DEBUG_INFORMATION_FORMAT = "dwarf-with-dsym";
				ENABLE_NS_ASSERTIONS = NO;
				ENABLE_STRICT_OBJC_MSGSEND = YES;
				GCC_C_LANGUAGE_STANDARD = gnu11;
				GCC_NO_COMMON_BLOCKS = YES;
				GCC_WARN_64_TO_32_BIT_CONVERSION = YES;
				GCC_WARN_ABOUT_RETURN_TYPE = YES_ERROR;
				GCC_WARN_UNDECLARED_SELECTOR = YES;
				GCC_WARN_UNINITIALIZED_AUTOS = YES_AGGRESSIVE;
				GCC_WARN_UNUSED_FUNCTION = YES;
				GCC_WARN_UNUSED_VARIABLE = YES;
				IPHONEOS_DEPLOYMENT_TARGET = 16.4;
				MTL_ENABLE_DEBUG_INFO = NO;
				MTL_FAST_MATH = YES;
				SDKROOT = iphoneos;
				SWIFT_COMPILATION_MODE = wholemodule;
				SWIFT_OPTIMIZATION_LEVEL = "-O";
				VALIDATE_PRODUCT = YES;
			};
			name = Release;
		};
		EFD07E9929E0DC4D00755EBD /* Debug */ = {
			isa = XCBuildConfiguration;
			buildSettings = {
				ASSETCATALOG_COMPILER_APPICON_NAME = AppIcon;
				ASSETCATALOG_COMPILER_GLOBAL_ACCENT_COLOR_NAME = AccentColor;
				CODE_SIGN_STYLE = Automatic;
				CURRENT_PROJECT_VERSION = 1;
				DEVELOPMENT_ASSET_PATHS = "\"deep-links/Preview Content\"";
				DEVELOPMENT_TEAM = CFBV6A4UV7;
				ENABLE_PREVIEWS = YES;
				GENERATE_INFOPLIST_FILE = YES;
				INFOPLIST_FILE = "deep-links/Info.plist";
				INFOPLIST_KEY_UIApplicationSceneManifest_Generation = YES;
				INFOPLIST_KEY_UIApplicationSupportsIndirectInputEvents = YES;
				INFOPLIST_KEY_UILaunchScreen_Generation = YES;
				INFOPLIST_KEY_UISupportedInterfaceOrientations_iPad = "UIInterfaceOrientationPortrait UIInterfaceOrientationPortraitUpsideDown UIInterfaceOrientationLandscapeLeft UIInterfaceOrientationLandscapeRight";
				INFOPLIST_KEY_UISupportedInterfaceOrientations_iPhone = "UIInterfaceOrientationPortrait UIInterfaceOrientationLandscapeLeft UIInterfaceOrientationLandscapeRight";
				LD_RUNPATH_SEARCH_PATHS = (
					"$(inherited)",
					"@executable_path/Frameworks",
				);
				MARKETING_VERSION = 1.0;
				PRODUCT_BUNDLE_IDENTIFIER = "jp.co.shlab.deep-links";
				PRODUCT_NAME = "$(TARGET_NAME)";
				SWIFT_EMIT_LOC_STRINGS = YES;
				SWIFT_VERSION = 5.0;
				TARGETED_DEVICE_FAMILY = "1,2";
			};
			name = Debug;
		};
		EFD07E9A29E0DC4D00755EBD /* Release */ = {
			isa = XCBuildConfiguration;
			buildSettings = {
				ASSETCATALOG_COMPILER_APPICON_NAME = AppIcon;
				ASSETCATALOG_COMPILER_GLOBAL_ACCENT_COLOR_NAME = AccentColor;
				CODE_SIGN_STYLE = Automatic;
				CURRENT_PROJECT_VERSION = 1;
				DEVELOPMENT_ASSET_PATHS = "\"deep-links/Preview Content\"";
				DEVELOPMENT_TEAM = CFBV6A4UV7;
				ENABLE_PREVIEWS = YES;
				GENERATE_INFOPLIST_FILE = YES;
				INFOPLIST_FILE = "deep-links/Info.plist";
				INFOPLIST_KEY_UIApplicationSceneManifest_Generation = YES;
				INFOPLIST_KEY_UIApplicationSupportsIndirectInputEvents = YES;
				INFOPLIST_KEY_UILaunchScreen_Generation = YES;
				INFOPLIST_KEY_UISupportedInterfaceOrientations_iPad = "UIInterfaceOrientationPortrait UIInterfaceOrientationPortraitUpsideDown UIInterfaceOrientationLandscapeLeft UIInterfaceOrientationLandscapeRight";
				INFOPLIST_KEY_UISupportedInterfaceOrientations_iPhone = "UIInterfaceOrientationPortrait UIInterfaceOrientationLandscapeLeft UIInterfaceOrientationLandscapeRight";
				LD_RUNPATH_SEARCH_PATHS = (
					"$(inherited)",
					"@executable_path/Frameworks",
				);
				MARKETING_VERSION = 1.0;
				PRODUCT_BUNDLE_IDENTIFIER = "jp.co.shlab.deep-links";
				PRODUCT_NAME = "$(TARGET_NAME)";
				SWIFT_EMIT_LOC_STRINGS = YES;
				SWIFT_VERSION = 5.0;
				TARGETED_DEVICE_FAMILY = "1,2";
			};
			name = Release;
		};
/* End XCBuildConfiguration section */

/* Begin XCConfigurationList section */
		EFD07E8529E0DC4C00755EBD /* Build configuration list for PBXProject "deep-links" */ = {
			isa = XCConfigurationList;
			buildConfigurations = (
				EFD07E9629E0DC4D00755EBD /* Debug */,
				EFD07E9729E0DC4D00755EBD /* Release */,
			);
			defaultConfigurationIsVisible = 0;
			defaultConfigurationName = Release;
		};
		EFD07E9829E0DC4D00755EBD /* Build configuration list for PBXNativeTarget "deep-links" */ = {
			isa = XCConfigurationList;
			buildConfigurations = (
				EFD07E9929E0DC4D00755EBD /* Debug */,
				EFD07E9A29E0DC4D00755EBD /* Release */,
			);
			defaultConfigurationIsVisible = 0;
			defaultConfigurationName = Release;
		};
/* End XCConfigurationList section */
	};
	rootObject = EFD07E8229E0DC4C00755EBD /* Project object */;
}
